github.com/boltdb/bolt v1.3.1 h1:JQmyP4ZBrce+ZQu0dY660FMfatumYDLun9hBCUVIkF4=
github.com/boltdb/bolt v1.3.1/go.mod h1:clJnj/oiGkjum5o1McbSZDSLxVThjynRyGBgiAx27Ps=
github.com/bradfitz/gomemcache v0.0.0-20190913173617-a41fca850d0b h1:L/QXpzIa3pOvUGt1D1lA5KjYhPBAN/3iWdP7xeFS9F0=
github.com/bradfitz/gomemcache v0.0.0-20190913173617-a41fca850d0b/go.mod h1:H0wQNHz2YrLsuXOZozoeDmnHXkNCRmMW0gwFWDfEZDA=
github.com/mattrobenolt/go-memcached v0.0.0-20130819063329-ed41d12c2de1 h1:hPElqRUj4DfJo38wAs12SUeYbOv0KWG/xNMD4OUIAW4=
github.com/mattrobenolt/go-memcached v0.0.0-20130819063329-ed41d12c2de1/go.mod h1:1Bf2GvWpB+bV/YKbY1/iE6Liv9QlO3CQSZJsyMxnuU4=
github.com/orcaman/concurrent-map v0.0.0-20190826125027-8c72a8bb44f6 h1:lNCW6THrCKBiJBpz8kbVGjC7MgdCGKwuvBgc7LoD6sw=
github.com/orcaman/concurrent-map v0.0.0-20190826125027-8c72a8bb44f6/go.mod h1:Lu3tH6HLW3feq74c2GC+jIMS/K2CFcDWnWD9XkenwhI=
github.com/paulbellamy/ratecounter v0.2.0 h1:2L/RhJq+HA8gBQImDXtLPrDXK5qAj6ozWVK/zFXVJGs=
github.com/paulbellamy/ratecounter v0.2.0/go.mod h1:Hfx1hDpSGoqxkVVpBi/IlYD7kChlfo5C6hzIHwPqfFE=
github.com/ralfonso-directnic/go-memcached v0.0.0-20201109213442-4a63fe6edf10 h1:1qlKZFLiZ/lyrI93dOgfLOzy9sxwWl3ObLeY5/MmrHQ=
github.com/ralfonso-directnic/go-memcached v0.0.0-20201109213442-4a63fe6edf10/go.mod h1:ImqibWVGg2uj8j8lGefGVFcv60nJ1bTM/ka49PFTdZk=
github.com/ralfonso-directnic/go-memcached v0.0.0-20201109214423-6ad68cc7f936 h1:xsbsfn/YyQQDdwIHj/oYxYLdwBsXwULXwGzGUmG4jeU=
github.com/ralfonso-directnic/go-memcached v0.0.0-20201109214423-6ad68cc7f936/go.mod h1:ImqibWVGg2uj8j8lGefGVFcv60nJ1bTM/ka49PFTdZk=
github.com/ralfonso-directnic/go-memcached v0.0.0-20201109214726-953f70bb5afd h1:T3GhYl4ow02QcvuCfEhbHqaGKvL/l2f0ve1EdOvdon4=
github.com/ralfonso-directnic/go-memcached v0.0.0-20201109214726-953f70bb5afd/go.mod h1:ImqibWVGg2uj8j8lGefGVFcv60nJ1bTM/ka49PFTdZk=
github.com/ralfonso-directnic/go-memcached v0.0.0-20201109215011-a2884a13b180 h1:kwABA/fnnsZSDPbl/wiQHXUtpQmtsdBtMpdEMd0CQBI=
github.com/ralfonso-directnic/go-memcached v0.0.0-20201109215011-a2884a13b180/go.mod h1:ImqibWVGg2uj8j8lGefGVFcv60nJ1bTM/ka49PFTdZk=
github.com/ralfonso-directnic/go-memcached v0.0.0-20201109215109-908d53227d8c h1:4WtZvIbSD2UnxOxppRYo9yh8UbTZdwY0xfUKS/LtiK8=
github.com/ralfonso-directnic/go-memcached v0.0.0-20201109215109-908d53227d8c/go.mod h1:ImqibWVGg2uj8j8lGefGVFcv60nJ1bTM/ka49PFTdZk=
github.com/ralfonso-directnic/go-memcached v0.0.0-20201109220221-90089f365aa1 h1:s/hfDQ+E1XG942JalOxN8kxqr+nqFt3fcj5oH2lCpgQ=
github.com/ralfonso-directnic/go-memcached v0.0.0-20201109220221-90089f365aa1/go.mod h1:ImqibWVGg2uj8j8lGefGVFcv60nJ1bTM/ka49PFTdZk=
github.com/ralfonso-directnic/go-memcached v0.0.0-20201109221055-5618a06ee371 h1:do/tcCoKwDq7BFELBXDmuBFhA4J2L/CqQH6ThbmaOQc=
github.com/ralfonso-directnic/go-memcached v0.0.0-20201109221055-5618a06ee371/go.mod h1:ImqibWVGg2uj8j8lGefGVFcv60nJ1bTM/ka49PFTdZk=
github.com/ralfonso-directnic/go-memcached v0.0.0-20201109221230-729419bba6fa h1:xg8m0U7bSyl7JFBOo/qP96GRoQsa1stjhy9U403Wyto=
github.com/ralfonso-directnic/go-memcached v0.0.0-20201109221230-729419bba6fa/go.mod h1:ImqibWVGg2uj8j8lGefGVFcv60nJ1bTM/ka49PFTdZk=
github.com/ralfonso-directnic/go-memcached v0.0.0-20201110144206-d6ecc10b7280 h1:zQ5wAe9MZlKWAlwuA/7dBqfx7a0eg41Xa9lGu+1Ku6g=
github.com/ralfonso-directnic/go-memcached v0.0.0-20201110144206-d6ecc10b7280/go.mod h1:ImqibWVGg2uj8j8lGefGVFcv60nJ1bTM/ka49PFTdZk=
github.com/ralfonso-directnic/go-memcached v0.0.0-20201110145816-cbaa5a66376d h1:XdmgkVCGif0t8gvpU22W2Q1v6oHF2f9CVRCIwBvJwFg=
github.com/ralfonso-directnic/go-memcached v0.0.0-20201110145816-cbaa5a66376d/go.mod h1:ImqibWVGg2uj8j8lGefGVFcv60nJ1bTM/ka49PFTdZk=
github.com/ralfonso-directnic/go-memcached v0.0.0-20201110150425-9b16b278cc46 h1:fCUYbnJAdCzUvbh2eoDQC+bzRWRq9G7hEIb+PUOEhfg=
github.com/ralfonso-directnic/go-memcached v0.0.0-20201110150425-9b16b278cc46/go.mod h1:ImqibWVGg2uj8j8lGefGVFcv60nJ1bTM/ka49PFTdZk=
github.com/ralfonso-directnic/go-memcached v0.0.0-20201110150746-1af5c2a536f7 h1:mRfDEjDff3Yw68IEPqA5hQeQTBacA+LgHmGB1+nxdXM=
github.com/ralfonso-directnic/go-memcached v0.0.0-20201110150746-1af5c2a536f7/go.mod h1:ImqibWVGg2uj8j8lGefGVFcv60nJ1bTM/ka49PFTdZk=
github.com/rapidloop/skv v0.0.0-20180909015525-9def2caac4cc h1:eXQoy66wUI9meNnIdKYJ+EV/Tq3LvXeUe95AB2dPk8g=
github.com/rapidloop/skv v0.0.0-20180909015525-9def2caac4cc/go.mod h1:V5hvlcTzUJ3MOo0fEolWR25CZBBsb7q3wWVAmBYwr54=
github.com/remeh/sizedwaitgroup v1.0.0 h1:VNGGFwNo/R5+MJBf6yrsr110p0m4/OX4S3DCy7Kyl5E=
github.com/remeh/sizedwaitgroup v1.0.0/go.mod h1:3j2R4OIe/SeS6YDhICBy22RWjJC5eNCJ1V+9+NVNYlo=
github.com/rs/xid v1.2.1 h1:mhH9Nq+C1fY2l1XIpgxIiUOfNpRBYH1kKcr+qfKgjRc=
github.com/rs/xid v1.2.1/go.mod h1:+uKXf+4Djp6Md1KODXJxgGQPKngRmWyn10oCKFzNHOQ=
